// !$*UTF8*$!
{
	archiveVersion = 1;
	classes = {
	};
	objectVersion = 50;
	objects = {

/* Begin PBXBuildFile section */
		4F32BCC420D8272F00C99480 /* AppDelegate.swift in Sources */ = {isa = PBXBuildFile; fileRef = 4F32BCC320D8272F00C99480 /* AppDelegate.swift */; };
		4F32BCC620D8273100C99480 /* Assets.xcassets in Resources */ = {isa = PBXBuildFile; fileRef = 4F32BCC520D8273100C99480 /* Assets.xcassets */; };
		4F32BCC920D8273100C99480 /* MainMenu.xib in Resources */ = {isa = PBXBuildFile; fileRef = 4F32BCC720D8273100C99480 /* MainMenu.xib */; };
		4F32BCD220D827D500C99480 /* iTunesBridge.applescript in Sources */ = {isa = PBXBuildFile; fileRef = 4F32BCD120D827D500C99480 /* iTunesBridge.applescript */; };
		4F32BCD520D8479E00C99480 /* AppleScriptObjC.framework in Frameworks */ = {isa = PBXBuildFile; fileRef = 4F32BCD420D8479E00C99480 /* AppleScriptObjC.framework */; };
		4F32BCD720D861BD00C99480 /* iTunesBridge.swift in Sources */ = {isa = PBXBuildFile; fileRef = 4F32BCD620D861BD00C99480 /* iTunesBridge.swift */; };
		4F32BCD920D8905200C99480 /* README in Resources */ = {isa = PBXBuildFile; fileRef = 4F32BCD820D8905200C99480 /* README */; };
/* End PBXBuildFile section */

/* Begin PBXFileReference section */
		4F32BCC020D8272F00C99480 /* Swift-AppleScriptObjC.app */ = {isa = PBXFileReference; explicitFileType = wrapper.application; includeInIndex = 0; path = "Swift-AppleScriptObjC.app"; sourceTree = BUILT_PRODUCTS_DIR; };
		4F32BCC320D8272F00C99480 /* AppDelegate.swift */ = {isa = PBXFileReference; lastKnownFileType = sourcecode.swift; path = AppDelegate.swift; sourceTree = "<group>"; };
		4F32BCC520D8273100C99480 /* Assets.xcassets */ = {isa = PBXFileReference; lastKnownFileType = folder.assetcatalog; path = Assets.xcassets; sourceTree = "<group>"; };
		4F32BCC820D8273100C99480 /* Base */ = {isa = PBXFileReference; lastKnownFileType = file.xib; name = Base; path = Base.lproj/MainMenu.xib; sourceTree = "<group>"; };
		4F32BCCA20D8273100C99480 /* Info.plist */ = {isa = PBXFileReference; lastKnownFileType = text.plist.xml; path = Info.plist; sourceTree = "<group>"; };
		4F32BCD120D827D500C99480 /* iTunesBridge.applescript */ = {isa = PBXFileReference; lastKnownFileType = sourcecode.applescript; path = iTunesBridge.applescript; sourceTree = "<group>"; };
		4F32BCD420D8479E00C99480 /* AppleScriptObjC.framework */ = {isa = PBXFileReference; lastKnownFileType = wrapper.framework; name = AppleScriptObjC.framework; path = System/Library/Frameworks/AppleScriptObjC.framework; sourceTree = SDKROOT; };
		4F32BCD620D861BD00C99480 /* iTunesBridge.swift */ = {isa = PBXFileReference; lastKnownFileType = sourcecode.swift; path = iTunesBridge.swift; sourceTree = "<group>"; };
		4F32BCD820D8905200C99480 /* README */ = {isa = PBXFileReference; fileEncoding = 4; lastKnownFileType = text; path = README; sourceTree = "<group>"; };
		4FC3BD57241CF7DF0071B1FB /* Swift-AppleScriptObjC.entitlements */ = {isa = PBXFileReference; lastKnownFileType = text.plist.entitlements; path = "Swift-AppleScriptObjC.entitlements"; sourceTree = "<group>"; };
/* End PBXFileReference section */

/* Begin PBXFrameworksBuildPhase section */
		4F32BCBD20D8272F00C99480 /* Frameworks */ = {
			isa = PBXFrameworksBuildPhase;
			buildActionMask = 2147483647;
			files = (
				4F32BCD520D8479E00C99480 /* AppleScriptObjC.framework in Frameworks */,
			);
			runOnlyForDeploymentPostprocessing = 0;
		};
/* End PBXFrameworksBuildPhase section */

/* Begin PBXGroup section */
		4F32BCB720D8272F00C99480 = {
			isa = PBXGroup;
			children = (
				4F32BCD820D8905200C99480 /* README */,
				4F32BCC220D8272F00C99480 /* Swift-AppleScriptObjC */,
				4F32BCC120D8272F00C99480 /* Products */,
				4F32BCD320D8479D00C99480 /* Frameworks */,
			);
			sourceTree = "<group>";
		};
		4F32BCC120D8272F00C99480 /* Products */ = {
			isa = PBXGroup;
			children = (
				4F32BCC020D8272F00C99480 /* Swift-AppleScriptObjC.app */,
			);
			name = Products;
			sourceTree = "<group>";
		};
		4F32BCC220D8272F00C99480 /* Swift-AppleScriptObjC */ = {
			isa = PBXGroup;
			children = (
				4F32BCC320D8272F00C99480 /* AppDelegate.swift */,
				4F32BCD620D861BD00C99480 /* iTunesBridge.swift */,
				4F32BCD120D827D500C99480 /* iTunesBridge.applescript */,
				4F32BCC520D8273100C99480 /* Assets.xcassets */,
				4F32BCC720D8273100C99480 /* MainMenu.xib */,
				4F32BCCA20D8273100C99480 /* Info.plist */,
				4FC3BD57241CF7DF0071B1FB /* Swift-AppleScriptObjC.entitlements */,
			);
			path = "Swift-AppleScriptObjC";
			sourceTree = "<group>";
		};
		4F32BCD320D8479D00C99480 /* Frameworks */ = {
			isa = PBXGroup;
			children = (
				4F32BCD420D8479E00C99480 /* AppleScriptObjC.framework */,
			);
			name = Frameworks;
			sourceTree = "<group>";
		};
/* End PBXGroup section */

/* Begin PBXNativeTarget section */
		4F32BCBF20D8272F00C99480 /* Swift-AppleScriptObjC */ = {
			isa = PBXNativeTarget;
			buildConfigurationList = 4F32BCCE20D8273100C99480 /* Build configuration list for PBXNativeTarget "Swift-AppleScriptObjC" */;
			buildPhases = (
				4F32BCBC20D8272F00C99480 /* Sources */,
				4F32BCBD20D8272F00C99480 /* Frameworks */,
				4F32BCBE20D8272F00C99480 /* Resources */,
			);
			buildRules = (
			);
			dependencies = (
			);
			name = "Swift-AppleScriptObjC";
			productName = "Swift-AppleScriptObjC";
			productReference = 4F32BCC020D8272F00C99480 /* Swift-AppleScriptObjC.app */;
			productType = "com.apple.product-type.application";
		};
/* End PBXNativeTarget section */

/* Begin PBXProject section */
		4F32BCB820D8272F00C99480 /* Project object */ = {
			isa = PBXProject;
			attributes = {
				LastSwiftUpdateCheck = 0940;
				LastUpgradeCheck = 1320;
				TargetAttributes = {
					4F32BCBF20D8272F00C99480 = {
						CreatedOnToolsVersion = 9.4.1;
						LastSwiftMigration = 1130;
						SystemCapabilities = {
							com.apple.Sandbox = {
								enabled = 0;
							};
						};
					};
				};
			};
			buildConfigurationList = 4F32BCBB20D8272F00C99480 /* Build configuration list for PBXProject "Swift-AppleScriptObjC" */;
			compatibilityVersion = "Xcode 9.3";
			developmentRegion = en;
			hasScannedForEncodings = 0;
			knownRegions = (
				en,
				Base,
			);
			mainGroup = 4F32BCB720D8272F00C99480;
			productRefGroup = 4F32BCC120D8272F00C99480 /* Products */;
			projectDirPath = "";
			projectRoot = "";
			targets = (
				4F32BCBF20D8272F00C99480 /* Swift-AppleScriptObjC */,
			);
		};
/* End PBXProject section */

/* Begin PBXResourcesBuildPhase section */
		4F32BCBE20D8272F00C99480 /* Resources */ = {
			isa = PBXResourcesBuildPhase;
			buildActionMask = 2147483647;
			files = (
				4F32BCD920D8905200C99480 /* README in Resources */,
				4F32BCC620D8273100C99480 /* Assets.xcassets in Resources */,
				4F32BCC920D8273100C99480 /* MainMenu.xib in Resources */,
			);
			runOnlyForDeploymentPostprocessing = 0;
		};
/* End PBXResourcesBuildPhase section */

/* Begin PBXSourcesBuildPhase section */
		4F32BCBC20D8272F00C99480 /* Sources */ = {
			isa = PBXSourcesBuildPhase;
			buildActionMask = 2147483647;
			files = (
				4F32BCD220D827D500C99480 /* iTunesBridge.applescript in Sources */,
				4F32BCC420D8272F00C99480 /* AppDelegate.swift in Sources */,
				4F32BCD720D861BD00C99480 /* iTunesBridge.swift in Sources */,
			);
			runOnlyForDeploymentPostprocessing = 0;
		};
/* End PBXSourcesBuildPhase section */

/* Begin PBXVariantGroup section */
		4F32BCC720D8273100C99480 /* MainMenu.xib */ = {
			isa = PBXVariantGroup;
			children = (
				4F32BCC820D8273100C99480 /* Base */,
			);
			name = MainMenu.xib;
			sourceTree = "<group>";
		};
/* End PBXVariantGroup section */

/* Begin XCBuildConfiguration section */
		4F32BCCC20D8273100C99480 /* Debug */ = {
			isa = XCBuildConfiguration;
			buildSettings = {
				ALWAYS_SEARCH_USER_PATHS = NO;
				CLANG_ANALYZER_NONNULL = YES;
				CLANG_ANALYZER_NUMBER_OBJECT_CONVERSION = YES_AGGRESSIVE;
				CLANG_CXX_LANGUAGE_STANDARD = "gnu++14";
				CLANG_CXX_LIBRARY = "libc++";
				CLANG_ENABLE_MODULES = YES;
				CLANG_ENABLE_OBJC_ARC = YES;
				CLANG_ENABLE_OBJC_WEAK = YES;
				CLANG_WARN_BLOCK_CAPTURE_AUTORELEASING = YES;
				CLANG_WARN_BOOL_CONVERSION = YES;
				CLANG_WARN_COMMA = YES;
				CLANG_WARN_CONSTANT_CONVERSION = YES;
				CLANG_WARN_DEPRECATED_OBJC_IMPLEMENTATIONS = YES;
				CLANG_WARN_DIRECT_OBJC_ISA_USAGE = YES_ERROR;
				CLANG_WARN_DOCUMENTATION_COMMENTS = YES;
				CLANG_WARN_EMPTY_BODY = YES;
				CLANG_WARN_ENUM_CONVERSION = YES;
				CLANG_WARN_INFINITE_RECURSION = YES;
				CLANG_WARN_INT_CONVERSION = YES;
				CLANG_WARN_NON_LITERAL_NULL_CONVERSION = YES;
				CLANG_WARN_OBJC_IMPLICIT_RETAIN_SELF = YES;
				CLANG_WARN_OBJC_LITERAL_CONVERSION = YES;
				CLANG_WARN_OBJC_ROOT_CLASS = YES_ERROR;
				CLANG_WARN_RANGE_LOOP_ANALYSIS = YES;
				CLANG_WARN_STRICT_PROTOTYPES = YES;
				CLANG_WARN_SUSPICIOUS_MOVE = YES;
				CLANG_WARN_UNGUARDED_AVAILABILITY = YES_AGGRESSIVE;
				CLANG_WARN_UNREACHABLE_CODE = YES;
				CLANG_WARN__DUPLICATE_METHOD_MATCH = YES;
				CODE_SIGN_IDENTITY = "Mac Developer";
				COPY_PHASE_STRIP = NO;
				DEBUG_INFORMATION_FORMAT = dwarf;
				ENABLE_STRICT_OBJC_MSGSEND = YES;
				ENABLE_TESTABILITY = YES;
				GCC_C_LANGUAGE_STANDARD = gnu11;
				GCC_DYNAMIC_NO_PIC = NO;
				GCC_NO_COMMON_BLOCKS = YES;
				GCC_OPTIMIZATION_LEVEL = 0;
				GCC_PREPROCESSOR_DEFINITIONS = (
					"DEBUG=1",
					"$(inherited)",
				);
				GCC_WARN_64_TO_32_BIT_CONVERSION = YES;
				GCC_WARN_ABOUT_RETURN_TYPE = YES_ERROR;
				GCC_WARN_UNDECLARED_SELECTOR = YES;
				GCC_WARN_UNINITIALIZED_AUTOS = YES_AGGRESSIVE;
				GCC_WARN_UNUSED_FUNCTION = YES;
				GCC_WARN_UNUSED_VARIABLE = YES;
				MACOSX_DEPLOYMENT_TARGET = 10.12;
				MTL_ENABLE_DEBUG_INFO = YES;
				ONLY_ACTIVE_ARCH = YES;
				SDKROOT = macosx;
				SWIFT_ACTIVE_COMPILATION_CONDITIONS = DEBUG;
				SWIFT_OPTIMIZATION_LEVEL = "-Onone";
			};
			name = Debug;
		};
		4F32BCCD20D8273100C99480 /* Release */ = {
			isa = XCBuildConfiguration;
			buildSettings = {
				ALWAYS_SEARCH_USER_PATHS = NO;
				CLANG_ANALYZER_NONNULL = YES;
				CLANG_ANALYZER_NUMBER_OBJECT_CONVERSION = YES_AGGRESSIVE;
				CLANG_CXX_LANGUAGE_STANDARD = "gnu++14";
				CLANG_CXX_LIBRARY = "libc++";
				CLANG_ENABLE_MODULES = YES;
				CLANG_ENABLE_OBJC_ARC = YES;
				CLANG_ENABLE_OBJC_WEAK = YES;
				CLANG_WARN_BLOCK_CAPTURE_AUTORELEASING = YES;
				CLANG_WARN_BOOL_CONVERSION = YES;
				CLANG_WARN_COMMA = YES;
				CLANG_WARN_CONSTANT_CONVERSION = YES;
				CLANG_WARN_DEPRECATED_OBJC_IMPLEMENTATIONS = YES;
				CLANG_WARN_DIRECT_OBJC_ISA_USAGE = YES_ERROR;
				CLANG_WARN_DOCUMENTATION_COMMENTS = YES;
				CLANG_WARN_EMPTY_BODY = YES;
				CLANG_WARN_ENUM_CONVERSION = YES;
				CLANG_WARN_INFINITE_RECURSION = YES;
				CLANG_WARN_INT_CONVERSION = YES;
				CLANG_WARN_NON_LITERAL_NULL_CONVERSION = YES;
				CLANG_WARN_OBJC_IMPLICIT_RETAIN_SELF = YES;
				CLANG_WARN_OBJC_LITERAL_CONVERSION = YES;
				CLANG_WARN_OBJC_ROOT_CLASS = YES_ERROR;
				CLANG_WARN_RANGE_LOOP_ANALYSIS = YES;
				CLANG_WARN_STRICT_PROTOTYPES = YES;
				CLANG_WARN_SUSPICIOUS_MOVE = YES;
				CLANG_WARN_UNGUARDED_AVAILABILITY = YES_AGGRESSIVE;
				CLANG_WARN_UNREACHABLE_CODE = YES;
				CLANG_WARN__DUPLICATE_METHOD_MATCH = YES;
				CODE_SIGN_IDENTITY = "Mac Developer";
				COPY_PHASE_STRIP = NO;
				DEBUG_INFORMATION_FORMAT = "dwarf-with-dsym";
				ENABLE_NS_ASSERTIONS = NO;
				ENABLE_STRICT_OBJC_MSGSEND = YES;
				GCC_C_LANGUAGE_STANDARD = gnu11;
				GCC_NO_COMMON_BLOCKS = YES;
				GCC_WARN_64_TO_32_BIT_CONVERSION = YES;
				GCC_WARN_ABOUT_RETURN_TYPE = YES_ERROR;
				GCC_WARN_UNDECLARED_SELECTOR = YES;
				GCC_WARN_UNINITIALIZED_AUTOS = YES_AGGRESSIVE;
				GCC_WARN_UNUSED_FUNCTION = YES;
				GCC_WARN_UNUSED_VARIABLE = YES;
				MACOSX_DEPLOYMENT_TARGET = 10.12;
				MTL_ENABLE_DEBUG_INFO = NO;
				SDKROOT = macosx;
				SWIFT_COMPILATION_MODE = wholemodule;
				SWIFT_OPTIMIZATION_LEVEL = "-O";
			};
			name = Release;
		};
		4F32BCCF20D8273100C99480 /* Debug */ = {
			isa = XCBuildConfiguration;
			buildSettings = {
				ASSETCATALOG_COMPILER_APPICON_NAME = AppIcon;
				CODE_SIGN_ENTITLEMENTS = "Swift-AppleScriptObjC/Swift-AppleScriptObjC.entitlements";
				CODE_SIGN_IDENTITY = "Mac Developer";
				CODE_SIGN_STYLE = Automatic;
				COMBINE_HIDPI_IMAGES = YES;
				DEVELOPMENT_TEAM = 27XZ82KJ77;
				ENABLE_HARDENED_RUNTIME = YES;
				INFOPLIST_FILE = "Swift-AppleScriptObjC/Info.plist";
				LD_RUNPATH_SEARCH_PATHS = (
					"$(inherited)",
					"@executable_path/../Frameworks",
				);
				MACOSX_DEPLOYMENT_TARGET = 10.12;
				PRODUCT_BUNDLE_IDENTIFIER = "uk.nuggle.Swift-AppleScriptObjC";
				PRODUCT_NAME = "$(TARGET_NAME)";
				PROVISIONING_PROFILE_SPECIFIER = "";
				SWIFT_VERSION = 5.0;
			};
			name = Debug;
		};
		4F32BCD020D8273100C99480 /* Release */ = {
			isa = XCBuildConfiguration;
			buildSettings = {
				ASSETCATALOG_COMPILER_APPICON_NAME = AppIcon;
				CODE_SIGN_ENTITLEMENTS = "Swift-AppleScriptObjC/Swift-AppleScriptObjC.entitlements";
				CODE_SIGN_IDENTITY = "Mac Developer";
				CODE_SIGN_STYLE = Automatic;
				COMBINE_HIDPI_IMAGES = YES;
				DEVELOPMENT_TEAM = 27XZ82KJ77;
				ENABLE_HARDENED_RUNTIME = YES;
				INFOPLIST_FILE = "Swift-AppleScriptObjC/Info.plist";
				LD_RUNPATH_SEARCH_PATHS = (
					"$(inherited)",
					"@executable_path/../Frameworks",
				);
				MACOSX_DEPLOYMENT_TARGET = 10.12;
				PRODUCT_BUNDLE_IDENTIFIER = "uk.nuggle.Swift-AppleScriptObjC";
				PRODUCT_NAME = "$(TARGET_NAME)";
				PROVISIONING_PROFILE_SPECIFIER = "";
				SWIFT_VERSION = 5.0;
			};
			name = Release;
		};
/* End XCBuildConfiguration section */

/* Begin XCConfigurationList section */
		4F32BCBB20D8272F00C99480 /* Build configuration list for PBXProject "Swift-AppleScriptObjC" */ = {
			isa = XCConfigurationList;
			buildConfigurations = (
				4F32BCCC20D8273100C99480 /* Debug */,
				4F32BCCD20D8273100C99480 /* Release */,
			);
			defaultConfigurationIsVisible = 0;
			defaultConfigurationName = Release;
		};
		4F32BCCE20D8273100C99480 /* Build configuration list for PBXNativeTarget "Swift-AppleScriptObjC" */ = {
			isa = XCConfigurationList;
			buildConfigurations = (
				4F32BCCF20D8273100C99480 /* Debug */,
				4F32BCD020D8273100C99480 /* Release */,
			);
			defaultConfigurationIsVisible = 0;
			defaultConfigurationName = Release;
		};
/* End XCConfigurationList section */
	};
	rootObject = 4F32BCB820D8272F00C99480 /* Project object */;
}
